<?xml version="1.0" encoding="UTF-8"?>
<Project ToolsVersion="12.0" xmlns="http://schemas.microsoft.com/developer/msbuild/2003">
  <ItemGroup>
    <ClCompile Include="D:\codes_lib\SDCND\CarND-Kidnapped-Vehicle-Project\src\main.cpp">
      <Filter>Source Files</Filter>
    </ClCompile>
    <ClCompile Include="D:\codes_lib\SDCND\CarND-Kidnapped-Vehicle-Project\src\particle_filter.cpp">
      <Filter>Source Files</Filter>
    </ClCompile>
  </ItemGroup>
  <ItemGroup>
    <CustomBuild Include="D:\codes_lib\SDCND\CarND-Kidnapped-Vehicle-Project\CMakeLists.txt" />
  </ItemGroup>
  <ItemGroup>
    <Filter Include="Source Files">
      <UniqueIdentifier>{A6C33999-C177-3B23-B7AF-7C6C5997EBD6}</UniqueIdentifier>
    </Filter>
  </ItemGroup>
</Project>
