<?xml version="1.0" encoding="UTF-8"?>
<Project ToolsVersion="12.0" xmlns="http://schemas.microsoft.com/developer/msbuild/2003">
  <ItemGroup>
    <CustomBuild Include="D:\codes_lib\SDCND\CarND-Kidnapped-Vehicle-Project\build_win\CMakeFiles\5aca194abd33019728f964fc598fae34\generate.stamp.rule">
      <Filter>CMake Rules</Filter>
    </CustomBuild>
  </ItemGroup>
  <ItemGroup>
    <Filter Include="CMake Rules">
      <UniqueIdentifier>{E907835B-EDC9-371D-A69A-5BACA91138F9}</UniqueIdentifier>
    </Filter>
  </ItemGroup>
</Project>
